
Microsoft Visual Studio Solution File, Format Version 12.00
# Visual Studio Version 17
VisualStudioVersion = 17.1.32421.90
MinimumVisualStudioVersion = 10.0.40219.1
Project("{FAE04EC0-301F-11D3-BF4B-00C04F79EFBC}") = "Summator", "Summator\Summator.csproj", "{8A58FE2A-CFAC-4F85-B488-CFA8019AE003}"
EndProject
Project("{FAE04EC0-301F-11D3-BF4B-00C04F79EFBC}") = "Summator.Tests", "Summator.Tests\Summator.Tests.csproj", "{8AF32D5F-F620-4140-B8CB-9B7FD6E5A93B}"
EndProject
Global
	GlobalSection(SolutionConfigurationPlatforms) = preSolution
		Debug|Any CPU = Debug|Any CPU
		Release|Any CPU = Release|Any CPU
	EndGlobalSection
	GlobalSection(ProjectConfigurationPlatforms) = postSolution
		{8A58FE2A-CFAC-4F85-B488-CFA8019AE003}.Debug|Any CPU.ActiveCfg = Debug|Any CPU
		{8A58FE2A-CFAC-4F85-B488-CFA8019AE003}.Debug|Any CPU.Build.0 = Debug|Any CPU
		{8A58FE2A-CFAC-4F85-B488-CFA8019AE003}.Release|Any CPU.ActiveCfg = Release|Any CPU
		{8A58FE2A-CFAC-4F85-B488-CFA8019AE003}.Release|Any CPU.Build.0 = Release|Any CPU
		{8AF32D5F-F620-4140-B8CB-9B7FD6E5A93B}.Debug|Any CPU.ActiveCfg = Debug|Any CPU
		{8AF32D5F-F620-4140-B8CB-9B7FD6E5A93B}.Debug|Any CPU.Build.0 = Debug|Any CPU
		{8AF32D5F-F620-4140-B8CB-9B7FD6E5A93B}.Release|Any CPU.ActiveCfg = Release|Any CPU
		{8AF32D5F-F620-4140-B8CB-9B7FD6E5A93B}.Release|Any CPU.Build.0 = Release|Any CPU
	EndGlobalSection
	GlobalSection(SolutionProperties) = preSolution
		HideSolutionNode = FALSE
	EndGlobalSection
	GlobalSection(ExtensibilityGlobals) = postSolution
		SolutionGuid = {92638606-B53D-43EE-82A0-880B6AEE4436}
	EndGlobalSection
EndGlobal
